
Microsoft Visual Studio Solution File, Format Version 12.00
# Visual Studio Version 16
VisualStudioVersion = 16.0.29201.188
MinimumVisualStudioVersion = 10.0.40219.1
Project("{6EC3EE1D-3C4E-46DD-8F32-0CC8E7565705}") = "Problem_01_LastElList", "Problem_01_LastElList\Problem_01_LastElList.fsproj", "{E45B2CDB-D24E-43F8-A089-5E93379EFCD6}"
EndProject
Project("{6EC3EE1D-3C4E-46DD-8F32-0CC8E7565705}") = "Problem_02_PreLastElList", "Problem_02_PreLastElList\Problem_02_PreLastElList.fsproj", "{0CF4EBA3-8DD1-452B-847D-ECAB57C4AE99}"
EndProject
Project("{6EC3EE1D-3C4E-46DD-8F32-0CC8E7565705}") = "Problem_03_ElemAtList", "Problem_03_ElemAtList\Problem_03_ElemAtList.fsproj", "{28488BDC-B6E8-4D74-AAC7-C935ADEFEC55}"
EndProject
Project("{6EC3EE1D-3C4E-46DD-8F32-0CC8E7565705}") = "Problem_04_FindListLength", "Problem_04_FindListLength\Problem_04_FindListLength.fsproj", "{2BC0D698-E13B-4C97-8957-95ADB540705A}"
EndProject
Project("{6EC3EE1D-3C4E-46DD-8F32-0CC8E7565705}") = "Problem_05_ReverseList", "Problem_05_ReverseList\Problem_05_ReverseList.fsproj", "{31B79315-DAF8-4DB7-AEC4-CF7DE11D25CD}"
EndProject
Project("{6EC3EE1D-3C4E-46DD-8F32-0CC8E7565705}") = "Problem_06_IsPalindrome", "Problem_06_IsPalindrome\Problem_06_IsPalindrome.fsproj", "{4B884DD3-D68E-4757-B758-43138D9C7214}"
EndProject
Project("{6EC3EE1D-3C4E-46DD-8F32-0CC8E7565705}") = "Problem_07_FlattenNestedList", "Problem_07_FlattenNestedList\Problem_07_FlattenNestedList.fsproj", "{70AF1914-800A-46FB-A5E1-0EFC7A09AEF1}"
EndProject
Project("{6EC3EE1D-3C4E-46DD-8F32-0CC8E7565705}") = "Problem_08_EliminateDuplicates", "Problem_08_EliminateDuplicates\Problem_08_EliminateDuplicates.fsproj", "{92393ACD-7BA1-4AD1-9B8E-F046B1875924}"
EndProject
Project("{6EC3EE1D-3C4E-46DD-8F32-0CC8E7565705}") = "Problem_09_PackSublist", "Problem_09_PackSublist\Problem_09_PackSublist.fsproj", "{E2478FA7-54CC-4E2D-8BAA-1298F11FD624}"
EndProject
Project("{6EC3EE1D-3C4E-46DD-8F32-0CC8E7565705}") = "Problem_10_CountSublist", "Problem_10_CountSublist\Problem_10_CountSublist.fsproj", "{F0AFE277-390F-42E2-8126-55629F6818F8}"
EndProject
Project("{6EC3EE1D-3C4E-46DD-8F32-0CC8E7565705}") = "Problem_11_LengthEncoding", "Problem_11_LengthEncoding\Problem_11_LengthEncoding.fsproj", "{A2448BFA-C844-434A-A175-607208E08BFF}"
EndProject
Project("{6EC3EE1D-3C4E-46DD-8F32-0CC8E7565705}") = "Problem_12_LengthDecoding", "Problem_12_LengthDecoding\Problem_12_LengthDecoding.fsproj", "{ED390DC3-778A-4D40-9D13-05CF7CC68133}"
EndProject
Project("{6EC3EE1D-3C4E-46DD-8F32-0CC8E7565705}") = "Problem_13_DirectDecoding", "Problem_13_DirectDecoding\Problem_13_DirectDecoding.fsproj", "{EB0B93F0-3538-488E-BC94-654185073B2C}"
EndProject
Project("{6EC3EE1D-3C4E-46DD-8F32-0CC8E7565705}") = "Problem_14_DuplicateListsElem", "Problem_14_DuplicateListsElem\Problem_14_DuplicateListsElem.fsproj", "{68AD7D75-5770-4036-9860-B04E8AEB186E}"
EndProject
Project("{6EC3EE1D-3C4E-46DD-8F32-0CC8E7565705}") = "Problem_15_ReplicateElemsNrTimes", "Problem_15_ReplicateElemsNrTimes\Problem_15_ReplicateElemsNrTimes.fsproj", "{0338BA32-8B65-4DC6-A2E7-E6F0724F5E70}"
EndProject
Project("{6EC3EE1D-3C4E-46DD-8F32-0CC8E7565705}") = "Problem_16_DropNthListElem", "Problem_16_DropNthListElem\Problem_16_DropNthListElem.fsproj", "{5246A326-9F7F-40C3-9E5D-DE19B99122B9}"
EndProject
Project("{6EC3EE1D-3C4E-46DD-8F32-0CC8E7565705}") = "Problem_17_SplitList", "Problem_17_SplitList\Problem_17_SplitList.fsproj", "{4D14A2B6-21BC-4069-99E3-DD92C24FA5D7}"
EndProject
Project("{6EC3EE1D-3C4E-46DD-8F32-0CC8E7565705}") = "Problem_18_ExtractSliceOfList", "Problem_18_ExtractSliceOfList\Problem_18_ExtractSliceOfList.fsproj", "{3841626D-5166-4286-8A46-7CF1E4EA7259}"
EndProject
Project("{6EC3EE1D-3C4E-46DD-8F32-0CC8E7565705}") = "Problem_20_RemoveKElemOfList", "Problem_20_RemoveKElemOfList\Problem_20_RemoveKElemOfList.fsproj", "{3742E348-E1C7-45B6-8694-E6385ABA8EC2}"
EndProject
Project("{6EC3EE1D-3C4E-46DD-8F32-0CC8E7565705}") = "Problem_19_RotateElemOnList", "Problem_19_RotateElemOnList\Problem_19_RotateElemOnList.fsproj", "{B483671F-2A47-4F8A-9D9D-47B27973D744}"
EndProject
Project("{6EC3EE1D-3C4E-46DD-8F32-0CC8E7565705}") = "Problem_21_InsertAt", "Problem_21_InsertAt\Problem_21_InsertAt.fsproj", "{5CCAD3A6-4080-462A-9C51-42B6ABAF9848}"
EndProject
Project("{6EC3EE1D-3C4E-46DD-8F32-0CC8E7565705}") = "Problem_22_ListAtRange", "Problem_22_ListAtRange\Problem_22_ListAtRange.fsproj", "{6AD31C47-3CC4-4BA7-9FC0-A29A42C6630F}"
EndProject
Project("{6EC3EE1D-3C4E-46DD-8F32-0CC8E7565705}") = "Problem_23_RandomElemsFromList", "Problem_23_RandomElemsFromList\Problem_23_RandomElemsFromList.fsproj", "{3E0F9F84-8A5C-47A2-A55E-C460D584E6D7}"
EndProject
Project("{6EC3EE1D-3C4E-46DD-8F32-0CC8E7565705}") = "Problem_24_NDiffrentRandomNumbers", "Problem_24_NDiffrentRandomNumbers\Problem_24_NDiffrentRandomNumbers.fsproj", "{3183022E-24F2-4EA9-880E-13F9B9DB7379}"
EndProject
Project("{6EC3EE1D-3C4E-46DD-8F32-0CC8E7565705}") = "Problem_25_RandomPermutation", "Problem_25_RandomPermutation\Problem_25_RandomPermutation.fsproj", "{FFD1D988-104E-41E7-AB8E-E3BB09A979DD}"
EndProject
Project("{6EC3EE1D-3C4E-46DD-8F32-0CC8E7565705}") = "Problem_26_CombinationKFromN", "Problem_26_CombinationKFromN\Problem_26_CombinationKFromN.fsproj", "{540BBCDB-8723-45E9-A053-6855907BEB82}"
EndProject
Project("{6EC3EE1D-3C4E-46DD-8F32-0CC8E7565705}") = "Problem_27_GroupIntoDisjointSets", "Problem_27_GroupIntoDisjointSets\Problem_27_GroupIntoDisjointSets.fsproj", "{3BDE888D-1D8C-4891-A1AF-33B43994622C}"
EndProject
Project("{6EC3EE1D-3C4E-46DD-8F32-0CC8E7565705}") = "Problem_31_IsPrime", "Problem_31_IsPrime\Problem_31_IsPrime.fsproj", "{89EA1F98-2C98-440B-A12C-8DDD1562C9B4}"
EndProject
Project("{6EC3EE1D-3C4E-46DD-8F32-0CC8E7565705}") = "Problem_32_GreatestCommonDivisor", "Problem_32_GreatestCommonDivisor\Problem_32_GreatestCommonDivisor.fsproj", "{ED030A67-5D21-48F0-A290-A2565E1E601B}"
EndProject
Project("{6EC3EE1D-3C4E-46DD-8F32-0CC8E7565705}") = "Problem_33_Coprime", "Problem_33_Coprime\Problem_33_Coprime.fsproj", "{65E0FA7D-C6FE-467E-9839-61B0832767F4}"
EndProject
Project("{6EC3EE1D-3C4E-46DD-8F32-0CC8E7565705}") = "Problem_34_TotientPhi", "Problem_34_TotientPhi\Problem_34_TotientPhi.fsproj", "{F8DFD881-464B-49EF-8D20-0F4A72E361AC}"
EndProject
Project("{6EC3EE1D-3C4E-46DD-8F32-0CC8E7565705}") = "Problem_35_PrimeFactors", "Problem_35_PrimeFactors\Problem_35_PrimeFactors.fsproj", "{D09CEC46-8C33-4B8B-9BD9-9FC487314C9B}"
EndProject
Project("{6EC3EE1D-3C4E-46DD-8F32-0CC8E7565705}") = "Problem_36_GroupedPrimeFactors", "Problem_36_GroupedPrimeFactors\Problem_36_GroupedPrimeFactors.fsproj", "{64C1E4CB-807D-4013-A3F8-6E651994E96B}"
EndProject
Project("{6EC3EE1D-3C4E-46DD-8F32-0CC8E7565705}") = "Problem_37_TotientPhi", "Problem_37_TotientPhi\Problem_37_TotientPhi.fsproj", "{E7BAD48B-B0AE-4385-810F-EC5BE64ECD85}"
EndProject
Project("{6EC3EE1D-3C4E-46DD-8F32-0CC8E7565705}") = "Problem_39_PrimesR", "Problem_39_PrimesR\Problem_39_PrimesR.fsproj", "{DC48C15A-7103-48C2-A5BC-90CBCCDA47A9}"
EndProject
Project("{6EC3EE1D-3C4E-46DD-8F32-0CC8E7565705}") = "Problem_40_Goldbach", "Problem_40_Goldbach\Problem_40_Goldbach.fsproj", "{5426538C-E6A5-4FAE-8C2D-991087E73103}"
EndProject
Project("{6EC3EE1D-3C4E-46DD-8F32-0CC8E7565705}") = "Problem_41_GoldbachSeries", "Problem_41_GoldbachSeries\Problem_41_GoldbachSeries.fsproj", "{8699653B-3B60-4F71-A078-927CBA959DAF}"
EndProject
Project("{6EC3EE1D-3C4E-46DD-8F32-0CC8E7565705}") = "Problem_46_BooleansOperators", "Problem_46_BooleansOperators\Problem_46_BooleansOperators.fsproj", "{9578EC09-B8F0-4A09-B7DD-001AAF808939}"
EndProject
Project("{F2A71F9B-5D33-465A-A702-920D77279786}") = "Problem_48_TruthTable3", "Problem_48_TruthTable3\Problem_48_TruthTable3.fsproj", "{FFD42E07-0F40-4D0C-A7D4-58F90123D906}"
EndProject
Project("{F2A71F9B-5D33-465A-A702-920D77279786}") = "Problem_49_Gray", "Problem_49_Gray\Problem_49_Gray.fsproj", "{D4C8C9D2-FBB1-4B06-A1B4-12B3C79659C8}"
EndProject
Global
	GlobalSection(SolutionConfigurationPlatforms) = preSolution
		Debug|Any CPU = Debug|Any CPU
		Release|Any CPU = Release|Any CPU
	EndGlobalSection
	GlobalSection(ProjectConfigurationPlatforms) = postSolution
		{E45B2CDB-D24E-43F8-A089-5E93379EFCD6}.Debug|Any CPU.ActiveCfg = Debug|Any CPU
		{E45B2CDB-D24E-43F8-A089-5E93379EFCD6}.Debug|Any CPU.Build.0 = Debug|Any CPU
		{E45B2CDB-D24E-43F8-A089-5E93379EFCD6}.Release|Any CPU.ActiveCfg = Release|Any CPU
		{E45B2CDB-D24E-43F8-A089-5E93379EFCD6}.Release|Any CPU.Build.0 = Release|Any CPU
		{0CF4EBA3-8DD1-452B-847D-ECAB57C4AE99}.Debug|Any CPU.ActiveCfg = Debug|Any CPU
		{0CF4EBA3-8DD1-452B-847D-ECAB57C4AE99}.Debug|Any CPU.Build.0 = Debug|Any CPU
		{0CF4EBA3-8DD1-452B-847D-ECAB57C4AE99}.Release|Any CPU.ActiveCfg = Release|Any CPU
		{0CF4EBA3-8DD1-452B-847D-ECAB57C4AE99}.Release|Any CPU.Build.0 = Release|Any CPU
		{28488BDC-B6E8-4D74-AAC7-C935ADEFEC55}.Debug|Any CPU.ActiveCfg = Debug|Any CPU
		{28488BDC-B6E8-4D74-AAC7-C935ADEFEC55}.Debug|Any CPU.Build.0 = Debug|Any CPU
		{28488BDC-B6E8-4D74-AAC7-C935ADEFEC55}.Release|Any CPU.ActiveCfg = Release|Any CPU
		{28488BDC-B6E8-4D74-AAC7-C935ADEFEC55}.Release|Any CPU.Build.0 = Release|Any CPU
		{2BC0D698-E13B-4C97-8957-95ADB540705A}.Debug|Any CPU.ActiveCfg = Debug|Any CPU
		{2BC0D698-E13B-4C97-8957-95ADB540705A}.Debug|Any CPU.Build.0 = Debug|Any CPU
		{2BC0D698-E13B-4C97-8957-95ADB540705A}.Release|Any CPU.ActiveCfg = Release|Any CPU
		{2BC0D698-E13B-4C97-8957-95ADB540705A}.Release|Any CPU.Build.0 = Release|Any CPU
		{31B79315-DAF8-4DB7-AEC4-CF7DE11D25CD}.Debug|Any CPU.ActiveCfg = Debug|Any CPU
		{31B79315-DAF8-4DB7-AEC4-CF7DE11D25CD}.Debug|Any CPU.Build.0 = Debug|Any CPU
		{31B79315-DAF8-4DB7-AEC4-CF7DE11D25CD}.Release|Any CPU.ActiveCfg = Release|Any CPU
		{31B79315-DAF8-4DB7-AEC4-CF7DE11D25CD}.Release|Any CPU.Build.0 = Release|Any CPU
		{4B884DD3-D68E-4757-B758-43138D9C7214}.Debug|Any CPU.ActiveCfg = Debug|Any CPU
		{4B884DD3-D68E-4757-B758-43138D9C7214}.Debug|Any CPU.Build.0 = Debug|Any CPU
		{4B884DD3-D68E-4757-B758-43138D9C7214}.Release|Any CPU.ActiveCfg = Release|Any CPU
		{4B884DD3-D68E-4757-B758-43138D9C7214}.Release|Any CPU.Build.0 = Release|Any CPU
		{70AF1914-800A-46FB-A5E1-0EFC7A09AEF1}.Debug|Any CPU.ActiveCfg = Debug|Any CPU
		{70AF1914-800A-46FB-A5E1-0EFC7A09AEF1}.Debug|Any CPU.Build.0 = Debug|Any CPU
		{70AF1914-800A-46FB-A5E1-0EFC7A09AEF1}.Release|Any CPU.ActiveCfg = Release|Any CPU
		{70AF1914-800A-46FB-A5E1-0EFC7A09AEF1}.Release|Any CPU.Build.0 = Release|Any CPU
		{92393ACD-7BA1-4AD1-9B8E-F046B1875924}.Debug|Any CPU.ActiveCfg = Debug|Any CPU
		{92393ACD-7BA1-4AD1-9B8E-F046B1875924}.Debug|Any CPU.Build.0 = Debug|Any CPU
		{92393ACD-7BA1-4AD1-9B8E-F046B1875924}.Release|Any CPU.ActiveCfg = Release|Any CPU
		{92393ACD-7BA1-4AD1-9B8E-F046B1875924}.Release|Any CPU.Build.0 = Release|Any CPU
		{E2478FA7-54CC-4E2D-8BAA-1298F11FD624}.Debug|Any CPU.ActiveCfg = Debug|Any CPU
		{E2478FA7-54CC-4E2D-8BAA-1298F11FD624}.Debug|Any CPU.Build.0 = Debug|Any CPU
		{E2478FA7-54CC-4E2D-8BAA-1298F11FD624}.Release|Any CPU.ActiveCfg = Release|Any CPU
		{E2478FA7-54CC-4E2D-8BAA-1298F11FD624}.Release|Any CPU.Build.0 = Release|Any CPU
		{F0AFE277-390F-42E2-8126-55629F6818F8}.Debug|Any CPU.ActiveCfg = Debug|Any CPU
		{F0AFE277-390F-42E2-8126-55629F6818F8}.Debug|Any CPU.Build.0 = Debug|Any CPU
		{F0AFE277-390F-42E2-8126-55629F6818F8}.Release|Any CPU.ActiveCfg = Release|Any CPU
		{F0AFE277-390F-42E2-8126-55629F6818F8}.Release|Any CPU.Build.0 = Release|Any CPU
		{A2448BFA-C844-434A-A175-607208E08BFF}.Debug|Any CPU.ActiveCfg = Debug|Any CPU
		{A2448BFA-C844-434A-A175-607208E08BFF}.Debug|Any CPU.Build.0 = Debug|Any CPU
		{A2448BFA-C844-434A-A175-607208E08BFF}.Release|Any CPU.ActiveCfg = Release|Any CPU
		{A2448BFA-C844-434A-A175-607208E08BFF}.Release|Any CPU.Build.0 = Release|Any CPU
		{ED390DC3-778A-4D40-9D13-05CF7CC68133}.Debug|Any CPU.ActiveCfg = Debug|Any CPU
		{ED390DC3-778A-4D40-9D13-05CF7CC68133}.Debug|Any CPU.Build.0 = Debug|Any CPU
		{ED390DC3-778A-4D40-9D13-05CF7CC68133}.Release|Any CPU.ActiveCfg = Release|Any CPU
		{ED390DC3-778A-4D40-9D13-05CF7CC68133}.Release|Any CPU.Build.0 = Release|Any CPU
		{EB0B93F0-3538-488E-BC94-654185073B2C}.Debug|Any CPU.ActiveCfg = Debug|Any CPU
		{EB0B93F0-3538-488E-BC94-654185073B2C}.Debug|Any CPU.Build.0 = Debug|Any CPU
		{EB0B93F0-3538-488E-BC94-654185073B2C}.Release|Any CPU.ActiveCfg = Release|Any CPU
		{EB0B93F0-3538-488E-BC94-654185073B2C}.Release|Any CPU.Build.0 = Release|Any CPU
		{68AD7D75-5770-4036-9860-B04E8AEB186E}.Debug|Any CPU.ActiveCfg = Debug|Any CPU
		{68AD7D75-5770-4036-9860-B04E8AEB186E}.Debug|Any CPU.Build.0 = Debug|Any CPU
		{68AD7D75-5770-4036-9860-B04E8AEB186E}.Release|Any CPU.ActiveCfg = Release|Any CPU
		{68AD7D75-5770-4036-9860-B04E8AEB186E}.Release|Any CPU.Build.0 = Release|Any CPU
		{0338BA32-8B65-4DC6-A2E7-E6F0724F5E70}.Debug|Any CPU.ActiveCfg = Debug|Any CPU
		{0338BA32-8B65-4DC6-A2E7-E6F0724F5E70}.Debug|Any CPU.Build.0 = Debug|Any CPU
		{0338BA32-8B65-4DC6-A2E7-E6F0724F5E70}.Release|Any CPU.ActiveCfg = Release|Any CPU
		{0338BA32-8B65-4DC6-A2E7-E6F0724F5E70}.Release|Any CPU.Build.0 = Release|Any CPU
		{5246A326-9F7F-40C3-9E5D-DE19B99122B9}.Debug|Any CPU.ActiveCfg = Debug|Any CPU
		{5246A326-9F7F-40C3-9E5D-DE19B99122B9}.Debug|Any CPU.Build.0 = Debug|Any CPU
		{5246A326-9F7F-40C3-9E5D-DE19B99122B9}.Release|Any CPU.ActiveCfg = Release|Any CPU
		{5246A326-9F7F-40C3-9E5D-DE19B99122B9}.Release|Any CPU.Build.0 = Release|Any CPU
		{4D14A2B6-21BC-4069-99E3-DD92C24FA5D7}.Debug|Any CPU.ActiveCfg = Debug|Any CPU
		{4D14A2B6-21BC-4069-99E3-DD92C24FA5D7}.Debug|Any CPU.Build.0 = Debug|Any CPU
		{4D14A2B6-21BC-4069-99E3-DD92C24FA5D7}.Release|Any CPU.ActiveCfg = Release|Any CPU
		{4D14A2B6-21BC-4069-99E3-DD92C24FA5D7}.Release|Any CPU.Build.0 = Release|Any CPU
		{3841626D-5166-4286-8A46-7CF1E4EA7259}.Debug|Any CPU.ActiveCfg = Debug|Any CPU
		{3841626D-5166-4286-8A46-7CF1E4EA7259}.Debug|Any CPU.Build.0 = Debug|Any CPU
		{3841626D-5166-4286-8A46-7CF1E4EA7259}.Release|Any CPU.ActiveCfg = Release|Any CPU
		{3841626D-5166-4286-8A46-7CF1E4EA7259}.Release|Any CPU.Build.0 = Release|Any CPU
		{3742E348-E1C7-45B6-8694-E6385ABA8EC2}.Debug|Any CPU.ActiveCfg = Debug|Any CPU
		{3742E348-E1C7-45B6-8694-E6385ABA8EC2}.Debug|Any CPU.Build.0 = Debug|Any CPU
		{3742E348-E1C7-45B6-8694-E6385ABA8EC2}.Release|Any CPU.ActiveCfg = Release|Any CPU
		{3742E348-E1C7-45B6-8694-E6385ABA8EC2}.Release|Any CPU.Build.0 = Release|Any CPU
		{B483671F-2A47-4F8A-9D9D-47B27973D744}.Debug|Any CPU.ActiveCfg = Debug|Any CPU
		{B483671F-2A47-4F8A-9D9D-47B27973D744}.Debug|Any CPU.Build.0 = Debug|Any CPU
		{B483671F-2A47-4F8A-9D9D-47B27973D744}.Release|Any CPU.ActiveCfg = Release|Any CPU
		{B483671F-2A47-4F8A-9D9D-47B27973D744}.Release|Any CPU.Build.0 = Release|Any CPU
		{5CCAD3A6-4080-462A-9C51-42B6ABAF9848}.Debug|Any CPU.ActiveCfg = Debug|Any CPU
		{5CCAD3A6-4080-462A-9C51-42B6ABAF9848}.Debug|Any CPU.Build.0 = Debug|Any CPU
		{5CCAD3A6-4080-462A-9C51-42B6ABAF9848}.Release|Any CPU.ActiveCfg = Release|Any CPU
		{5CCAD3A6-4080-462A-9C51-42B6ABAF9848}.Release|Any CPU.Build.0 = Release|Any CPU
		{6AD31C47-3CC4-4BA7-9FC0-A29A42C6630F}.Debug|Any CPU.ActiveCfg = Debug|Any CPU
		{6AD31C47-3CC4-4BA7-9FC0-A29A42C6630F}.Debug|Any CPU.Build.0 = Debug|Any CPU
		{6AD31C47-3CC4-4BA7-9FC0-A29A42C6630F}.Release|Any CPU.ActiveCfg = Release|Any CPU
		{6AD31C47-3CC4-4BA7-9FC0-A29A42C6630F}.Release|Any CPU.Build.0 = Release|Any CPU
		{3E0F9F84-8A5C-47A2-A55E-C460D584E6D7}.Debug|Any CPU.ActiveCfg = Debug|Any CPU
		{3E0F9F84-8A5C-47A2-A55E-C460D584E6D7}.Debug|Any CPU.Build.0 = Debug|Any CPU
		{3E0F9F84-8A5C-47A2-A55E-C460D584E6D7}.Release|Any CPU.ActiveCfg = Release|Any CPU
		{3E0F9F84-8A5C-47A2-A55E-C460D584E6D7}.Release|Any CPU.Build.0 = Release|Any CPU
		{3183022E-24F2-4EA9-880E-13F9B9DB7379}.Debug|Any CPU.ActiveCfg = Debug|Any CPU
		{3183022E-24F2-4EA9-880E-13F9B9DB7379}.Debug|Any CPU.Build.0 = Debug|Any CPU
		{3183022E-24F2-4EA9-880E-13F9B9DB7379}.Release|Any CPU.ActiveCfg = Release|Any CPU
		{3183022E-24F2-4EA9-880E-13F9B9DB7379}.Release|Any CPU.Build.0 = Release|Any CPU
		{FFD1D988-104E-41E7-AB8E-E3BB09A979DD}.Debug|Any CPU.ActiveCfg = Debug|Any CPU
		{FFD1D988-104E-41E7-AB8E-E3BB09A979DD}.Debug|Any CPU.Build.0 = Debug|Any CPU
		{FFD1D988-104E-41E7-AB8E-E3BB09A979DD}.Release|Any CPU.ActiveCfg = Release|Any CPU
		{FFD1D988-104E-41E7-AB8E-E3BB09A979DD}.Release|Any CPU.Build.0 = Release|Any CPU
		{540BBCDB-8723-45E9-A053-6855907BEB82}.Debug|Any CPU.ActiveCfg = Debug|Any CPU
		{540BBCDB-8723-45E9-A053-6855907BEB82}.Debug|Any CPU.Build.0 = Debug|Any CPU
		{540BBCDB-8723-45E9-A053-6855907BEB82}.Release|Any CPU.ActiveCfg = Release|Any CPU
		{540BBCDB-8723-45E9-A053-6855907BEB82}.Release|Any CPU.Build.0 = Release|Any CPU
		{3BDE888D-1D8C-4891-A1AF-33B43994622C}.Debug|Any CPU.ActiveCfg = Debug|Any CPU
		{3BDE888D-1D8C-4891-A1AF-33B43994622C}.Debug|Any CPU.Build.0 = Debug|Any CPU
		{3BDE888D-1D8C-4891-A1AF-33B43994622C}.Release|Any CPU.ActiveCfg = Release|Any CPU
		{3BDE888D-1D8C-4891-A1AF-33B43994622C}.Release|Any CPU.Build.0 = Release|Any CPU
		{89EA1F98-2C98-440B-A12C-8DDD1562C9B4}.Debug|Any CPU.ActiveCfg = Debug|Any CPU
		{89EA1F98-2C98-440B-A12C-8DDD1562C9B4}.Debug|Any CPU.Build.0 = Debug|Any CPU
		{89EA1F98-2C98-440B-A12C-8DDD1562C9B4}.Release|Any CPU.ActiveCfg = Release|Any CPU
		{89EA1F98-2C98-440B-A12C-8DDD1562C9B4}.Release|Any CPU.Build.0 = Release|Any CPU
		{ED030A67-5D21-48F0-A290-A2565E1E601B}.Debug|Any CPU.ActiveCfg = Debug|Any CPU
		{ED030A67-5D21-48F0-A290-A2565E1E601B}.Debug|Any CPU.Build.0 = Debug|Any CPU
		{ED030A67-5D21-48F0-A290-A2565E1E601B}.Release|Any CPU.ActiveCfg = Release|Any CPU
		{ED030A67-5D21-48F0-A290-A2565E1E601B}.Release|Any CPU.Build.0 = Release|Any CPU
		{65E0FA7D-C6FE-467E-9839-61B0832767F4}.Debug|Any CPU.ActiveCfg = Debug|Any CPU
		{65E0FA7D-C6FE-467E-9839-61B0832767F4}.Debug|Any CPU.Build.0 = Debug|Any CPU
		{65E0FA7D-C6FE-467E-9839-61B0832767F4}.Release|Any CPU.ActiveCfg = Release|Any CPU
		{65E0FA7D-C6FE-467E-9839-61B0832767F4}.Release|Any CPU.Build.0 = Release|Any CPU
		{F8DFD881-464B-49EF-8D20-0F4A72E361AC}.Debug|Any CPU.ActiveCfg = Debug|Any CPU
		{F8DFD881-464B-49EF-8D20-0F4A72E361AC}.Debug|Any CPU.Build.0 = Debug|Any CPU
		{F8DFD881-464B-49EF-8D20-0F4A72E361AC}.Release|Any CPU.ActiveCfg = Release|Any CPU
		{F8DFD881-464B-49EF-8D20-0F4A72E361AC}.Release|Any CPU.Build.0 = Release|Any CPU
		{D09CEC46-8C33-4B8B-9BD9-9FC487314C9B}.Debug|Any CPU.ActiveCfg = Debug|Any CPU
		{D09CEC46-8C33-4B8B-9BD9-9FC487314C9B}.Debug|Any CPU.Build.0 = Debug|Any CPU
		{D09CEC46-8C33-4B8B-9BD9-9FC487314C9B}.Release|Any CPU.ActiveCfg = Release|Any CPU
		{D09CEC46-8C33-4B8B-9BD9-9FC487314C9B}.Release|Any CPU.Build.0 = Release|Any CPU
		{64C1E4CB-807D-4013-A3F8-6E651994E96B}.Debug|Any CPU.ActiveCfg = Debug|Any CPU
		{64C1E4CB-807D-4013-A3F8-6E651994E96B}.Debug|Any CPU.Build.0 = Debug|Any CPU
		{64C1E4CB-807D-4013-A3F8-6E651994E96B}.Release|Any CPU.ActiveCfg = Release|Any CPU
		{64C1E4CB-807D-4013-A3F8-6E651994E96B}.Release|Any CPU.Build.0 = Release|Any CPU
		{E7BAD48B-B0AE-4385-810F-EC5BE64ECD85}.Debug|Any CPU.ActiveCfg = Debug|Any CPU
		{E7BAD48B-B0AE-4385-810F-EC5BE64ECD85}.Debug|Any CPU.Build.0 = Debug|Any CPU
		{E7BAD48B-B0AE-4385-810F-EC5BE64ECD85}.Release|Any CPU.ActiveCfg = Release|Any CPU
		{E7BAD48B-B0AE-4385-810F-EC5BE64ECD85}.Release|Any CPU.Build.0 = Release|Any CPU
		{DC48C15A-7103-48C2-A5BC-90CBCCDA47A9}.Debug|Any CPU.ActiveCfg = Debug|Any CPU
		{DC48C15A-7103-48C2-A5BC-90CBCCDA47A9}.Debug|Any CPU.Build.0 = Debug|Any CPU
		{DC48C15A-7103-48C2-A5BC-90CBCCDA47A9}.Release|Any CPU.ActiveCfg = Release|Any CPU
		{DC48C15A-7103-48C2-A5BC-90CBCCDA47A9}.Release|Any CPU.Build.0 = Release|Any CPU
		{5426538C-E6A5-4FAE-8C2D-991087E73103}.Debug|Any CPU.ActiveCfg = Debug|Any CPU
		{5426538C-E6A5-4FAE-8C2D-991087E73103}.Debug|Any CPU.Build.0 = Debug|Any CPU
		{5426538C-E6A5-4FAE-8C2D-991087E73103}.Release|Any CPU.ActiveCfg = Release|Any CPU
		{5426538C-E6A5-4FAE-8C2D-991087E73103}.Release|Any CPU.Build.0 = Release|Any CPU
		{8699653B-3B60-4F71-A078-927CBA959DAF}.Debug|Any CPU.ActiveCfg = Debug|Any CPU
		{8699653B-3B60-4F71-A078-927CBA959DAF}.Debug|Any CPU.Build.0 = Debug|Any CPU
		{8699653B-3B60-4F71-A078-927CBA959DAF}.Release|Any CPU.ActiveCfg = Release|Any CPU
		{8699653B-3B60-4F71-A078-927CBA959DAF}.Release|Any CPU.Build.0 = Release|Any CPU
		{9578EC09-B8F0-4A09-B7DD-001AAF808939}.Debug|Any CPU.ActiveCfg = Debug|Any CPU
		{9578EC09-B8F0-4A09-B7DD-001AAF808939}.Debug|Any CPU.Build.0 = Debug|Any CPU
		{9578EC09-B8F0-4A09-B7DD-001AAF808939}.Release|Any CPU.ActiveCfg = Release|Any CPU
		{9578EC09-B8F0-4A09-B7DD-001AAF808939}.Release|Any CPU.Build.0 = Release|Any CPU
		{FFD42E07-0F40-4D0C-A7D4-58F90123D906}.Debug|Any CPU.ActiveCfg = Debug|Any CPU
		{FFD42E07-0F40-4D0C-A7D4-58F90123D906}.Debug|Any CPU.Build.0 = Debug|Any CPU
		{FFD42E07-0F40-4D0C-A7D4-58F90123D906}.Release|Any CPU.ActiveCfg = Release|Any CPU
		{FFD42E07-0F40-4D0C-A7D4-58F90123D906}.Release|Any CPU.Build.0 = Release|Any CPU
		{D4C8C9D2-FBB1-4B06-A1B4-12B3C79659C8}.Debug|Any CPU.ActiveCfg = Debug|Any CPU
		{D4C8C9D2-FBB1-4B06-A1B4-12B3C79659C8}.Debug|Any CPU.Build.0 = Debug|Any CPU
		{D4C8C9D2-FBB1-4B06-A1B4-12B3C79659C8}.Release|Any CPU.ActiveCfg = Release|Any CPU
		{D4C8C9D2-FBB1-4B06-A1B4-12B3C79659C8}.Release|Any CPU.Build.0 = Release|Any CPU
	EndGlobalSection
	GlobalSection(SolutionProperties) = preSolution
		HideSolutionNode = FALSE
	EndGlobalSection
	GlobalSection(ExtensibilityGlobals) = postSolution
		SolutionGuid = {A4D5688B-4736-4CE5-80D4-D6F6D937A85D}
	EndGlobalSection
EndGlobal
