
Microsoft Visual Studio Solution File, Format Version 12.00
# Visual Studio 15
VisualStudioVersion = 15.0.27703.2047
MinimumVisualStudioVersion = 10.0.40219.1
Project("{F2A71F9B-5D33-465A-A702-920D77279786}") = "99FSharpProblems", "99FSharpProblems\99FSharpProblems.fsproj", "{FA8EDB61-4361-404C-A4C9-D4052A86F4E5}"
EndProject
Global
	GlobalSection(SolutionConfigurationPlatforms) = preSolution
		Debug|Any CPU = Debug|Any CPU
		Release|Any CPU = Release|Any CPU
	EndGlobalSection
	GlobalSection(ProjectConfigurationPlatforms) = postSolution
		{FA8EDB61-4361-404C-A4C9-D4052A86F4E5}.Debug|Any CPU.ActiveCfg = Debug|Any CPU
		{FA8EDB61-4361-404C-A4C9-D4052A86F4E5}.Debug|Any CPU.Build.0 = Debug|Any CPU
		{FA8EDB61-4361-404C-A4C9-D4052A86F4E5}.Release|Any CPU.ActiveCfg = Release|Any CPU
		{FA8EDB61-4361-404C-A4C9-D4052A86F4E5}.Release|Any CPU.Build.0 = Release|Any CPU
	EndGlobalSection
	GlobalSection(SolutionProperties) = preSolution
		HideSolutionNode = FALSE
	EndGlobalSection
	GlobalSection(ExtensibilityGlobals) = postSolution
		SolutionGuid = {A4D5688B-4736-4CE5-80D4-D6F6D937A85D}
	EndGlobalSection
EndGlobal
