
Microsoft Visual Studio Solution File, Format Version 12.00
# Visual Studio 15
VisualStudioVersion = 15.0.27703.2047
MinimumVisualStudioVersion = 10.0.40219.1
Project("{6EC3EE1D-3C4E-46DD-8F32-0CC8E7565705}") = "Problem_01_LastElList", "Problem_01_LastElList\Problem_01_LastElList.fsproj", "{E45B2CDB-D24E-43F8-A089-5E93379EFCD6}"
EndProject
Project("{6EC3EE1D-3C4E-46DD-8F32-0CC8E7565705}") = "Problem_02_PreLastElList", "Problem_02_PreLastElList\Problem_02_PreLastElList.fsproj", "{0CF4EBA3-8DD1-452B-847D-ECAB57C4AE99}"
EndProject
Project("{6EC3EE1D-3C4E-46DD-8F32-0CC8E7565705}") = "Problem_03_ElemAtList", "Problem_03_ElemAtList\Problem_03_ElemAtList.fsproj", "{28488BDC-B6E8-4D74-AAC7-C935ADEFEC55}"
EndProject
Project("{6EC3EE1D-3C4E-46DD-8F32-0CC8E7565705}") = "Problem_04_FindListLength", "Problem_04_FindListLength\Problem_04_FindListLength.fsproj", "{2BC0D698-E13B-4C97-8957-95ADB540705A}"
EndProject
Project("{6EC3EE1D-3C4E-46DD-8F32-0CC8E7565705}") = "Problem_05_ReverseList", "Problem_05_ReverseList\Problem_05_ReverseList.fsproj", "{31B79315-DAF8-4DB7-AEC4-CF7DE11D25CD}"
EndProject
Project("{6EC3EE1D-3C4E-46DD-8F32-0CC8E7565705}") = "Problem_06_IsPalindrome", "Problem_06_IsPalindrome\Problem_06_IsPalindrome.fsproj", "{4B884DD3-D68E-4757-B758-43138D9C7214}"
EndProject
Project("{6EC3EE1D-3C4E-46DD-8F32-0CC8E7565705}") = "Problem_07_FlattenNestedList", "Problem_07_FlattenNestedList\Problem_07_FlattenNestedList.fsproj", "{70AF1914-800A-46FB-A5E1-0EFC7A09AEF1}"
EndProject
Project("{6EC3EE1D-3C4E-46DD-8F32-0CC8E7565705}") = "Problem_08_EliminateDuplicates", "Problem_08_EliminateDuplicates\Problem_08_EliminateDuplicates.fsproj", "{92393ACD-7BA1-4AD1-9B8E-F046B1875924}"
EndProject
Project("{6EC3EE1D-3C4E-46DD-8F32-0CC8E7565705}") = "Problem_09_PackSublist", "Problem_09_PackSublist\Problem_09_PackSublist.fsproj", "{E2478FA7-54CC-4E2D-8BAA-1298F11FD624}"
EndProject
Project("{6EC3EE1D-3C4E-46DD-8F32-0CC8E7565705}") = "Problem_10_CountSublist", "Problem_10_CountSublist\Problem_10_CountSublist.fsproj", "{F0AFE277-390F-42E2-8126-55629F6818F8}"
EndProject
Project("{6EC3EE1D-3C4E-46DD-8F32-0CC8E7565705}") = "Problem_11_LengthEncoding", "Problem_11_LengthEncoding\Problem_11_LengthEncoding.fsproj", "{A2448BFA-C844-434A-A175-607208E08BFF}"
EndProject
Project("{6EC3EE1D-3C4E-46DD-8F32-0CC8E7565705}") = "Problem_12_LengthDecoding", "Problem_12_LengthDecoding\Problem_12_LengthDecoding.fsproj", "{ED390DC3-778A-4D40-9D13-05CF7CC68133}"
EndProject
Project("{6EC3EE1D-3C4E-46DD-8F32-0CC8E7565705}") = "Problem_13_DirectDecoding", "Problem_13_DirectDecoding\Problem_13_DirectDecoding.fsproj", "{EB0B93F0-3538-488E-BC94-654185073B2C}"
EndProject
Project("{F2A71F9B-5D33-465A-A702-920D77279786}") = "Problem_14_DuplicateListsElem", "Problem_14_DuplicateListsElem\Problem_14_DuplicateListsElem.fsproj", "{68AD7D75-5770-4036-9860-B04E8AEB186E}"
EndProject
Project("{F2A71F9B-5D33-465A-A702-920D77279786}") = "Problem_15_ReplicateElemsNrTimes", "Problem_15_ReplicateElemsNrTimes\Problem_15_ReplicateElemsNrTimes.fsproj", "{0338BA32-8B65-4DC6-A2E7-E6F0724F5E70}"
EndProject
Project("{F2A71F9B-5D33-465A-A702-920D77279786}") = "Problem_16_DropNthListElem", "Problem_16_DropNthListElem\Problem_16_DropNthListElem.fsproj", "{5246A326-9F7F-40C3-9E5D-DE19B99122B9}"
EndProject
Project("{F2A71F9B-5D33-465A-A702-920D77279786}") = "Problem_17_SplitList", "Problem_17_SplitList\Problem_17_SplitList.fsproj", "{4D14A2B6-21BC-4069-99E3-DD92C24FA5D7}"
EndProject
Project("{F2A71F9B-5D33-465A-A702-920D77279786}") = "Problem_18_ExtractSliceOfList", "Problem_18_ExtractSliceOfList\Problem_18_ExtractSliceOfList.fsproj", "{3841626D-5166-4286-8A46-7CF1E4EA7259}"
EndProject
Global
	GlobalSection(SolutionConfigurationPlatforms) = preSolution
		Debug|Any CPU = Debug|Any CPU
		Release|Any CPU = Release|Any CPU
	EndGlobalSection
	GlobalSection(ProjectConfigurationPlatforms) = postSolution
		{E45B2CDB-D24E-43F8-A089-5E93379EFCD6}.Debug|Any CPU.ActiveCfg = Debug|Any CPU
		{E45B2CDB-D24E-43F8-A089-5E93379EFCD6}.Debug|Any CPU.Build.0 = Debug|Any CPU
		{E45B2CDB-D24E-43F8-A089-5E93379EFCD6}.Release|Any CPU.ActiveCfg = Release|Any CPU
		{E45B2CDB-D24E-43F8-A089-5E93379EFCD6}.Release|Any CPU.Build.0 = Release|Any CPU
		{0CF4EBA3-8DD1-452B-847D-ECAB57C4AE99}.Debug|Any CPU.ActiveCfg = Debug|Any CPU
		{0CF4EBA3-8DD1-452B-847D-ECAB57C4AE99}.Debug|Any CPU.Build.0 = Debug|Any CPU
		{0CF4EBA3-8DD1-452B-847D-ECAB57C4AE99}.Release|Any CPU.ActiveCfg = Release|Any CPU
		{0CF4EBA3-8DD1-452B-847D-ECAB57C4AE99}.Release|Any CPU.Build.0 = Release|Any CPU
		{28488BDC-B6E8-4D74-AAC7-C935ADEFEC55}.Debug|Any CPU.ActiveCfg = Debug|Any CPU
		{28488BDC-B6E8-4D74-AAC7-C935ADEFEC55}.Debug|Any CPU.Build.0 = Debug|Any CPU
		{28488BDC-B6E8-4D74-AAC7-C935ADEFEC55}.Release|Any CPU.ActiveCfg = Release|Any CPU
		{28488BDC-B6E8-4D74-AAC7-C935ADEFEC55}.Release|Any CPU.Build.0 = Release|Any CPU
		{2BC0D698-E13B-4C97-8957-95ADB540705A}.Debug|Any CPU.ActiveCfg = Debug|Any CPU
		{2BC0D698-E13B-4C97-8957-95ADB540705A}.Debug|Any CPU.Build.0 = Debug|Any CPU
		{2BC0D698-E13B-4C97-8957-95ADB540705A}.Release|Any CPU.ActiveCfg = Release|Any CPU
		{2BC0D698-E13B-4C97-8957-95ADB540705A}.Release|Any CPU.Build.0 = Release|Any CPU
		{31B79315-DAF8-4DB7-AEC4-CF7DE11D25CD}.Debug|Any CPU.ActiveCfg = Debug|Any CPU
		{31B79315-DAF8-4DB7-AEC4-CF7DE11D25CD}.Debug|Any CPU.Build.0 = Debug|Any CPU
		{31B79315-DAF8-4DB7-AEC4-CF7DE11D25CD}.Release|Any CPU.ActiveCfg = Release|Any CPU
		{31B79315-DAF8-4DB7-AEC4-CF7DE11D25CD}.Release|Any CPU.Build.0 = Release|Any CPU
		{4B884DD3-D68E-4757-B758-43138D9C7214}.Debug|Any CPU.ActiveCfg = Debug|Any CPU
		{4B884DD3-D68E-4757-B758-43138D9C7214}.Debug|Any CPU.Build.0 = Debug|Any CPU
		{4B884DD3-D68E-4757-B758-43138D9C7214}.Release|Any CPU.ActiveCfg = Release|Any CPU
		{4B884DD3-D68E-4757-B758-43138D9C7214}.Release|Any CPU.Build.0 = Release|Any CPU
		{70AF1914-800A-46FB-A5E1-0EFC7A09AEF1}.Debug|Any CPU.ActiveCfg = Debug|Any CPU
		{70AF1914-800A-46FB-A5E1-0EFC7A09AEF1}.Debug|Any CPU.Build.0 = Debug|Any CPU
		{70AF1914-800A-46FB-A5E1-0EFC7A09AEF1}.Release|Any CPU.ActiveCfg = Release|Any CPU
		{70AF1914-800A-46FB-A5E1-0EFC7A09AEF1}.Release|Any CPU.Build.0 = Release|Any CPU
		{92393ACD-7BA1-4AD1-9B8E-F046B1875924}.Debug|Any CPU.ActiveCfg = Debug|Any CPU
		{92393ACD-7BA1-4AD1-9B8E-F046B1875924}.Debug|Any CPU.Build.0 = Debug|Any CPU
		{92393ACD-7BA1-4AD1-9B8E-F046B1875924}.Release|Any CPU.ActiveCfg = Release|Any CPU
		{92393ACD-7BA1-4AD1-9B8E-F046B1875924}.Release|Any CPU.Build.0 = Release|Any CPU
		{E2478FA7-54CC-4E2D-8BAA-1298F11FD624}.Debug|Any CPU.ActiveCfg = Debug|Any CPU
		{E2478FA7-54CC-4E2D-8BAA-1298F11FD624}.Debug|Any CPU.Build.0 = Debug|Any CPU
		{E2478FA7-54CC-4E2D-8BAA-1298F11FD624}.Release|Any CPU.ActiveCfg = Release|Any CPU
		{E2478FA7-54CC-4E2D-8BAA-1298F11FD624}.Release|Any CPU.Build.0 = Release|Any CPU
		{F0AFE277-390F-42E2-8126-55629F6818F8}.Debug|Any CPU.ActiveCfg = Debug|Any CPU
		{F0AFE277-390F-42E2-8126-55629F6818F8}.Debug|Any CPU.Build.0 = Debug|Any CPU
		{F0AFE277-390F-42E2-8126-55629F6818F8}.Release|Any CPU.ActiveCfg = Release|Any CPU
		{F0AFE277-390F-42E2-8126-55629F6818F8}.Release|Any CPU.Build.0 = Release|Any CPU
		{A2448BFA-C844-434A-A175-607208E08BFF}.Debug|Any CPU.ActiveCfg = Debug|Any CPU
		{A2448BFA-C844-434A-A175-607208E08BFF}.Debug|Any CPU.Build.0 = Debug|Any CPU
		{A2448BFA-C844-434A-A175-607208E08BFF}.Release|Any CPU.ActiveCfg = Release|Any CPU
		{A2448BFA-C844-434A-A175-607208E08BFF}.Release|Any CPU.Build.0 = Release|Any CPU
		{ED390DC3-778A-4D40-9D13-05CF7CC68133}.Debug|Any CPU.ActiveCfg = Debug|Any CPU
		{ED390DC3-778A-4D40-9D13-05CF7CC68133}.Debug|Any CPU.Build.0 = Debug|Any CPU
		{ED390DC3-778A-4D40-9D13-05CF7CC68133}.Release|Any CPU.ActiveCfg = Release|Any CPU
		{ED390DC3-778A-4D40-9D13-05CF7CC68133}.Release|Any CPU.Build.0 = Release|Any CPU
		{EB0B93F0-3538-488E-BC94-654185073B2C}.Debug|Any CPU.ActiveCfg = Debug|Any CPU
		{EB0B93F0-3538-488E-BC94-654185073B2C}.Debug|Any CPU.Build.0 = Debug|Any CPU
		{EB0B93F0-3538-488E-BC94-654185073B2C}.Release|Any CPU.ActiveCfg = Release|Any CPU
		{EB0B93F0-3538-488E-BC94-654185073B2C}.Release|Any CPU.Build.0 = Release|Any CPU
		{68AD7D75-5770-4036-9860-B04E8AEB186E}.Debug|Any CPU.ActiveCfg = Debug|Any CPU
		{68AD7D75-5770-4036-9860-B04E8AEB186E}.Debug|Any CPU.Build.0 = Debug|Any CPU
		{68AD7D75-5770-4036-9860-B04E8AEB186E}.Release|Any CPU.ActiveCfg = Release|Any CPU
		{68AD7D75-5770-4036-9860-B04E8AEB186E}.Release|Any CPU.Build.0 = Release|Any CPU
		{0338BA32-8B65-4DC6-A2E7-E6F0724F5E70}.Debug|Any CPU.ActiveCfg = Debug|Any CPU
		{0338BA32-8B65-4DC6-A2E7-E6F0724F5E70}.Debug|Any CPU.Build.0 = Debug|Any CPU
		{0338BA32-8B65-4DC6-A2E7-E6F0724F5E70}.Release|Any CPU.ActiveCfg = Release|Any CPU
		{0338BA32-8B65-4DC6-A2E7-E6F0724F5E70}.Release|Any CPU.Build.0 = Release|Any CPU
		{5246A326-9F7F-40C3-9E5D-DE19B99122B9}.Debug|Any CPU.ActiveCfg = Debug|Any CPU
		{5246A326-9F7F-40C3-9E5D-DE19B99122B9}.Debug|Any CPU.Build.0 = Debug|Any CPU
		{5246A326-9F7F-40C3-9E5D-DE19B99122B9}.Release|Any CPU.ActiveCfg = Release|Any CPU
		{5246A326-9F7F-40C3-9E5D-DE19B99122B9}.Release|Any CPU.Build.0 = Release|Any CPU
		{4D14A2B6-21BC-4069-99E3-DD92C24FA5D7}.Debug|Any CPU.ActiveCfg = Debug|Any CPU
		{4D14A2B6-21BC-4069-99E3-DD92C24FA5D7}.Debug|Any CPU.Build.0 = Debug|Any CPU
		{4D14A2B6-21BC-4069-99E3-DD92C24FA5D7}.Release|Any CPU.ActiveCfg = Release|Any CPU
		{4D14A2B6-21BC-4069-99E3-DD92C24FA5D7}.Release|Any CPU.Build.0 = Release|Any CPU
		{3841626D-5166-4286-8A46-7CF1E4EA7259}.Debug|Any CPU.ActiveCfg = Debug|Any CPU
		{3841626D-5166-4286-8A46-7CF1E4EA7259}.Debug|Any CPU.Build.0 = Debug|Any CPU
		{3841626D-5166-4286-8A46-7CF1E4EA7259}.Release|Any CPU.ActiveCfg = Release|Any CPU
		{3841626D-5166-4286-8A46-7CF1E4EA7259}.Release|Any CPU.Build.0 = Release|Any CPU
	EndGlobalSection
	GlobalSection(SolutionProperties) = preSolution
		HideSolutionNode = FALSE
	EndGlobalSection
	GlobalSection(ExtensibilityGlobals) = postSolution
		SolutionGuid = {A4D5688B-4736-4CE5-80D4-D6F6D937A85D}
	EndGlobalSection
EndGlobal
